
Microsoft Visual Studio Solution File, Format Version 12.00
# Visual Studio Version 16
VisualStudioVersion = 16.0.31129.286
MinimumVisualStudioVersion = 10.0.40219.1
Project("{FAE04EC0-301F-11D3-BF4B-00C04F79EFBC}") = "number-1", "number-1\number-1.csproj", "{7120DEC3-962A-410D-AFC2-6DC6D892A8C3}"
EndProject
Project("{FAE04EC0-301F-11D3-BF4B-00C04F79EFBC}") = "number-2", "number-2\number-2.csproj", "{D91A491F-A39C-4050-BDBA-8C5B166E3D2A}"
EndProject
Project("{FAE04EC0-301F-11D3-BF4B-00C04F79EFBC}") = "number-3", "number-3\number-3.csproj", "{CA22754E-AB94-4AD8-8F19-5E0C07B80FFC}"
EndProject
Global
	GlobalSection(SolutionConfigurationPlatforms) = preSolution
		Debug|Any CPU = Debug|Any CPU
		Release|Any CPU = Release|Any CPU
	EndGlobalSection
	GlobalSection(ProjectConfigurationPlatforms) = postSolution
		{7120DEC3-962A-410D-AFC2-6DC6D892A8C3}.Debug|Any CPU.ActiveCfg = Debug|Any CPU
		{7120DEC3-962A-410D-AFC2-6DC6D892A8C3}.Debug|Any CPU.Build.0 = Debug|Any CPU
		{7120DEC3-962A-410D-AFC2-6DC6D892A8C3}.Release|Any CPU.ActiveCfg = Release|Any CPU
		{7120DEC3-962A-410D-AFC2-6DC6D892A8C3}.Release|Any CPU.Build.0 = Release|Any CPU
		{D91A491F-A39C-4050-BDBA-8C5B166E3D2A}.Debug|Any CPU.ActiveCfg = Debug|Any CPU
		{D91A491F-A39C-4050-BDBA-8C5B166E3D2A}.Debug|Any CPU.Build.0 = Debug|Any CPU
		{D91A491F-A39C-4050-BDBA-8C5B166E3D2A}.Release|Any CPU.ActiveCfg = Release|Any CPU
		{D91A491F-A39C-4050-BDBA-8C5B166E3D2A}.Release|Any CPU.Build.0 = Release|Any CPU
		{CA22754E-AB94-4AD8-8F19-5E0C07B80FFC}.Debug|Any CPU.ActiveCfg = Debug|Any CPU
		{CA22754E-AB94-4AD8-8F19-5E0C07B80FFC}.Debug|Any CPU.Build.0 = Debug|Any CPU
		{CA22754E-AB94-4AD8-8F19-5E0C07B80FFC}.Release|Any CPU.ActiveCfg = Release|Any CPU
		{CA22754E-AB94-4AD8-8F19-5E0C07B80FFC}.Release|Any CPU.Build.0 = Release|Any CPU
	EndGlobalSection
	GlobalSection(SolutionProperties) = preSolution
		HideSolutionNode = FALSE
	EndGlobalSection
	GlobalSection(ExtensibilityGlobals) = postSolution
		SolutionGuid = {24DB151D-526A-4DF7-A5BF-C7AB5E36292F}
	EndGlobalSection
EndGlobal
